{
  "name": "@webdevshop/cra-template-webdevshop-webapp",
  "version": "0.2.7",
  "lockfileVersion": 1,
  "requires": true,
  "dependencies": {
    "@types/node": {
      "version": "14.14.25",
      "resolved": "https://registry.npmjs.org/@types/node/-/node-14.14.25.tgz",
      "integrity": "sha512-EPpXLOVqDvisVxtlbvzfyqSsFeQxltFbluZNRndIb8tr9KiBnYNLzrc1N3pyKUCww2RNrfHDViqDWWE1LCJQtQ=="
    },
    "@types/puppeteer": {
      "version": "5.4.3",
      "resolved": "https://registry.npmjs.org/@types/puppeteer/-/puppeteer-5.4.3.tgz",
      "integrity": "sha512-3nE8YgR9DIsgttLW+eJf6mnXxq8Ge+27m5SU3knWmrlfl6+KOG0Bf9f7Ua7K+C4BnaTMAh3/UpySqdAYvrsvjg==",
      "requires": {
        "@types/node": "*"
      }
    }
  }
}
